
Microsoft Visual Studio Solution File, Format Version 12.00
# Visual Studio Version 16
VisualStudioVersion = 16.0.29409.12
MinimumVisualStudioVersion = 10.0.40219.1
Project("{FAE04EC0-301F-11D3-BF4B-00C04F79EFBC}") = "EmberFlexberry.Objects", "Objects\EmberFlexberry.Objects.csproj", "{714C7AF9-8FEE-4FF2-BB84-7FC6B506197C}"
EndProject
Project("{FAE04EC0-301F-11D3-BF4B-00C04F79EFBC}") = "EmberFlexberry.ODataBackend", "ODataBackend\EmberFlexberry.ODataBackend.csproj", "{3E0622D1-EC1E-478B-A0AE-512956DEE79F}"
EndProject
Project("{FAE04EC0-301F-11D3-BF4B-00C04F79EFBC}") = "EmberFlexberry.BusinessServers", "BusinessServers\EmberFlexberry.BusinessServers.csproj", "{526F1C8E-0FEC-4764-B915-10179602D871}"
EndProject
Global
	GlobalSection(SolutionConfigurationPlatforms) = preSolution
		Debug|Any CPU = Debug|Any CPU
		Release|Any CPU = Release|Any CPU
	EndGlobalSection
	GlobalSection(ProjectConfigurationPlatforms) = postSolution
		{714C7AF9-8FEE-4FF2-BB84-7FC6B506197C}.Debug|Any CPU.ActiveCfg = Debug|Any CPU
		{714C7AF9-8FEE-4FF2-BB84-7FC6B506197C}.Debug|Any CPU.Build.0 = Debug|Any CPU
		{714C7AF9-8FEE-4FF2-BB84-7FC6B506197C}.Release|Any CPU.ActiveCfg = Release|Any CPU
		{714C7AF9-8FEE-4FF2-BB84-7FC6B506197C}.Release|Any CPU.Build.0 = Release|Any CPU
		{3E0622D1-EC1E-478B-A0AE-512956DEE79F}.Debug|Any CPU.ActiveCfg = Debug|Any CPU
		{3E0622D1-EC1E-478B-A0AE-512956DEE79F}.Debug|Any CPU.Build.0 = Debug|Any CPU
		{3E0622D1-EC1E-478B-A0AE-512956DEE79F}.Release|Any CPU.ActiveCfg = Release|Any CPU
		{3E0622D1-EC1E-478B-A0AE-512956DEE79F}.Release|Any CPU.Build.0 = Release|Any CPU
		{526F1C8E-0FEC-4764-B915-10179602D871}.Debug|Any CPU.ActiveCfg = Debug|Any CPU
		{526F1C8E-0FEC-4764-B915-10179602D871}.Debug|Any CPU.Build.0 = Debug|Any CPU
		{526F1C8E-0FEC-4764-B915-10179602D871}.Release|Any CPU.ActiveCfg = Release|Any CPU
		{526F1C8E-0FEC-4764-B915-10179602D871}.Release|Any CPU.Build.0 = Release|Any CPU
	EndGlobalSection
	GlobalSection(SolutionProperties) = preSolution
		HideSolutionNode = FALSE
	EndGlobalSection
	GlobalSection(ExtensibilityGlobals) = postSolution
		SolutionGuid = {23CC2AE5-C347-4894-A560-278625C3A7C5}
	EndGlobalSection
EndGlobal
